
Microsoft Visual Studio Solution File, Format Version 12.00
# Visual Studio 2012
Project("{FAE04EC0-301F-11D3-BF4B-00C04F79EFBC}") = "Jun", "Jun\Jun.csproj", "{6A913820-9317-484D-A563-CB346D25075B}"
EndProject
Global
	GlobalSection(SolutionConfigurationPlatforms) = preSolution
		Debug|x86 = Debug|x86
		Release|x86 = Release|x86
	EndGlobalSection
	GlobalSection(ProjectConfigurationPlatforms) = postSolution
		{6A913820-9317-484D-A563-CB346D25075B}.Debug|x86.ActiveCfg = Debug|x86
		{6A913820-9317-484D-A563-CB346D25075B}.Debug|x86.Build.0 = Debug|x86
		{6A913820-9317-484D-A563-CB346D25075B}.Release|x86.ActiveCfg = Release|x86
		{6A913820-9317-484D-A563-CB346D25075B}.Release|x86.Build.0 = Release|x86
	EndGlobalSection
EndGlobal
